
Microsoft Visual Studio Solution File, Format Version 12.00
# Visual Studio 15
VisualStudioVersion = 15.0.26124.0
MinimumVisualStudioVersion = 15.0.26124.0
Project("{FAE04EC0-301F-11D3-BF4B-00C04F79EFBC}") = "BlabberApp.Client", "BlabberApp.Client\BlabberApp.Client.csproj", "{6622FED7-91D6-4403-B29D-7C6E731BEBDF}"
EndProject
Project("{FAE04EC0-301F-11D3-BF4B-00C04F79EFBC}") = "BlabberApp.DataStore", "BlabberApp.DataStore\BlabberApp.DataStore.csproj", "{D645B6ED-D941-4B00-8D12-4F0CD441CB55}"
EndProject
Project("{FAE04EC0-301F-11D3-BF4B-00C04F79EFBC}") = "BlabberApp.DataStoreTest", "BlabberApp.DataStoreTest\BlabberApp.DataStoreTest.csproj", "{297BE812-498B-415E-8696-EAF95530B328}"
EndProject
Project("{FAE04EC0-301F-11D3-BF4B-00C04F79EFBC}") = "BlabberApp.WebApi", "BlabberApp.WebApi\BlabberApp.WebApi.csproj", "{4A0501A6-B16A-4CD2-AA8E-C9E73A51A10E}"
EndProject
Project("{FAE04EC0-301F-11D3-BF4B-00C04F79EFBC}") = "BlabberApp.ClientTest", "BlabberApp.ClientTest\BlabberApp.ClientTest.csproj", "{096DF11D-66A3-40E7-9CDD-369B1A973160}"
EndProject
Project("{FAE04EC0-301F-11D3-BF4B-00C04F79EFBC}") = "BlabberApp.Console", "BlabberApp.Console\BlabberApp.Console.csproj", "{8016CFDA-89A6-4C56-9FFC-AAA18308B961}"
EndProject
Project("{FAE04EC0-301F-11D3-BF4B-00C04F79EFBC}") = "BlabberApp.Domain", "BlabberApp.Domain\BlabberApp.Domain.csproj", "{89397CC9-CC12-4EBB-A333-BFF24DE69A86}"
EndProject
Project("{FAE04EC0-301F-11D3-BF4B-00C04F79EFBC}") = "BlabberApp.DomainTest", "BlabberApp.DomainTest\BlabberApp.DomainTest.csproj", "{8129EB44-6E0A-4E19-A976-C3417C061E83}"
EndProject
Project("{FAE04EC0-301F-11D3-BF4B-00C04F79EFBC}") = "BlabberApp.WebApiTest", "BlabberApp.WebApiTest\BlabberApp.WebApiTest.csproj", "{215700FF-52A5-4020-BEF1-87757A94AB25}"
EndProject
Global
	GlobalSection(SolutionConfigurationPlatforms) = preSolution
		Debug|Any CPU = Debug|Any CPU
		Debug|x64 = Debug|x64
		Debug|x86 = Debug|x86
		Release|Any CPU = Release|Any CPU
		Release|x64 = Release|x64
		Release|x86 = Release|x86
	EndGlobalSection
	GlobalSection(SolutionProperties) = preSolution
		HideSolutionNode = FALSE
	EndGlobalSection
	GlobalSection(ProjectConfigurationPlatforms) = postSolution
		{6622FED7-91D6-4403-B29D-7C6E731BEBDF}.Debug|Any CPU.ActiveCfg = Debug|Any CPU
		{6622FED7-91D6-4403-B29D-7C6E731BEBDF}.Debug|Any CPU.Build.0 = Debug|Any CPU
		{6622FED7-91D6-4403-B29D-7C6E731BEBDF}.Debug|x64.ActiveCfg = Debug|Any CPU
		{6622FED7-91D6-4403-B29D-7C6E731BEBDF}.Debug|x64.Build.0 = Debug|Any CPU
		{6622FED7-91D6-4403-B29D-7C6E731BEBDF}.Debug|x86.ActiveCfg = Debug|Any CPU
		{6622FED7-91D6-4403-B29D-7C6E731BEBDF}.Debug|x86.Build.0 = Debug|Any CPU
		{6622FED7-91D6-4403-B29D-7C6E731BEBDF}.Release|Any CPU.ActiveCfg = Release|Any CPU
		{6622FED7-91D6-4403-B29D-7C6E731BEBDF}.Release|Any CPU.Build.0 = Release|Any CPU
		{6622FED7-91D6-4403-B29D-7C6E731BEBDF}.Release|x64.ActiveCfg = Release|Any CPU
		{6622FED7-91D6-4403-B29D-7C6E731BEBDF}.Release|x64.Build.0 = Release|Any CPU
		{6622FED7-91D6-4403-B29D-7C6E731BEBDF}.Release|x86.ActiveCfg = Release|Any CPU
		{6622FED7-91D6-4403-B29D-7C6E731BEBDF}.Release|x86.Build.0 = Release|Any CPU
		{D645B6ED-D941-4B00-8D12-4F0CD441CB55}.Debug|Any CPU.ActiveCfg = Debug|Any CPU
		{D645B6ED-D941-4B00-8D12-4F0CD441CB55}.Debug|Any CPU.Build.0 = Debug|Any CPU
		{D645B6ED-D941-4B00-8D12-4F0CD441CB55}.Debug|x64.ActiveCfg = Debug|Any CPU
		{D645B6ED-D941-4B00-8D12-4F0CD441CB55}.Debug|x64.Build.0 = Debug|Any CPU
		{D645B6ED-D941-4B00-8D12-4F0CD441CB55}.Debug|x86.ActiveCfg = Debug|Any CPU
		{D645B6ED-D941-4B00-8D12-4F0CD441CB55}.Debug|x86.Build.0 = Debug|Any CPU
		{D645B6ED-D941-4B00-8D12-4F0CD441CB55}.Release|Any CPU.ActiveCfg = Release|Any CPU
		{D645B6ED-D941-4B00-8D12-4F0CD441CB55}.Release|Any CPU.Build.0 = Release|Any CPU
		{D645B6ED-D941-4B00-8D12-4F0CD441CB55}.Release|x64.ActiveCfg = Release|Any CPU
		{D645B6ED-D941-4B00-8D12-4F0CD441CB55}.Release|x64.Build.0 = Release|Any CPU
		{D645B6ED-D941-4B00-8D12-4F0CD441CB55}.Release|x86.ActiveCfg = Release|Any CPU
		{D645B6ED-D941-4B00-8D12-4F0CD441CB55}.Release|x86.Build.0 = Release|Any CPU
		{297BE812-498B-415E-8696-EAF95530B328}.Debug|Any CPU.ActiveCfg = Debug|Any CPU
		{297BE812-498B-415E-8696-EAF95530B328}.Debug|Any CPU.Build.0 = Debug|Any CPU
		{297BE812-498B-415E-8696-EAF95530B328}.Debug|x64.ActiveCfg = Debug|Any CPU
		{297BE812-498B-415E-8696-EAF95530B328}.Debug|x64.Build.0 = Debug|Any CPU
		{297BE812-498B-415E-8696-EAF95530B328}.Debug|x86.ActiveCfg = Debug|Any CPU
		{297BE812-498B-415E-8696-EAF95530B328}.Debug|x86.Build.0 = Debug|Any CPU
		{297BE812-498B-415E-8696-EAF95530B328}.Release|Any CPU.ActiveCfg = Release|Any CPU
		{297BE812-498B-415E-8696-EAF95530B328}.Release|Any CPU.Build.0 = Release|Any CPU
		{297BE812-498B-415E-8696-EAF95530B328}.Release|x64.ActiveCfg = Release|Any CPU
		{297BE812-498B-415E-8696-EAF95530B328}.Release|x64.Build.0 = Release|Any CPU
		{297BE812-498B-415E-8696-EAF95530B328}.Release|x86.ActiveCfg = Release|Any CPU
		{297BE812-498B-415E-8696-EAF95530B328}.Release|x86.Build.0 = Release|Any CPU
		{4A0501A6-B16A-4CD2-AA8E-C9E73A51A10E}.Debug|Any CPU.ActiveCfg = Debug|Any CPU
		{4A0501A6-B16A-4CD2-AA8E-C9E73A51A10E}.Debug|Any CPU.Build.0 = Debug|Any CPU
		{4A0501A6-B16A-4CD2-AA8E-C9E73A51A10E}.Debug|x64.ActiveCfg = Debug|Any CPU
		{4A0501A6-B16A-4CD2-AA8E-C9E73A51A10E}.Debug|x64.Build.0 = Debug|Any CPU
		{4A0501A6-B16A-4CD2-AA8E-C9E73A51A10E}.Debug|x86.ActiveCfg = Debug|Any CPU
		{4A0501A6-B16A-4CD2-AA8E-C9E73A51A10E}.Debug|x86.Build.0 = Debug|Any CPU
		{4A0501A6-B16A-4CD2-AA8E-C9E73A51A10E}.Release|Any CPU.ActiveCfg = Release|Any CPU
		{4A0501A6-B16A-4CD2-AA8E-C9E73A51A10E}.Release|Any CPU.Build.0 = Release|Any CPU
		{4A0501A6-B16A-4CD2-AA8E-C9E73A51A10E}.Release|x64.ActiveCfg = Release|Any CPU
		{4A0501A6-B16A-4CD2-AA8E-C9E73A51A10E}.Release|x64.Build.0 = Release|Any CPU
		{4A0501A6-B16A-4CD2-AA8E-C9E73A51A10E}.Release|x86.ActiveCfg = Release|Any CPU
		{4A0501A6-B16A-4CD2-AA8E-C9E73A51A10E}.Release|x86.Build.0 = Release|Any CPU
		{096DF11D-66A3-40E7-9CDD-369B1A973160}.Debug|Any CPU.ActiveCfg = Debug|Any CPU
		{096DF11D-66A3-40E7-9CDD-369B1A973160}.Debug|Any CPU.Build.0 = Debug|Any CPU
		{096DF11D-66A3-40E7-9CDD-369B1A973160}.Debug|x64.ActiveCfg = Debug|Any CPU
		{096DF11D-66A3-40E7-9CDD-369B1A973160}.Debug|x64.Build.0 = Debug|Any CPU
		{096DF11D-66A3-40E7-9CDD-369B1A973160}.Debug|x86.ActiveCfg = Debug|Any CPU
		{096DF11D-66A3-40E7-9CDD-369B1A973160}.Debug|x86.Build.0 = Debug|Any CPU
		{096DF11D-66A3-40E7-9CDD-369B1A973160}.Release|Any CPU.ActiveCfg = Release|Any CPU
		{096DF11D-66A3-40E7-9CDD-369B1A973160}.Release|Any CPU.Build.0 = Release|Any CPU
		{096DF11D-66A3-40E7-9CDD-369B1A973160}.Release|x64.ActiveCfg = Release|Any CPU
		{096DF11D-66A3-40E7-9CDD-369B1A973160}.Release|x64.Build.0 = Release|Any CPU
		{096DF11D-66A3-40E7-9CDD-369B1A973160}.Release|x86.ActiveCfg = Release|Any CPU
		{096DF11D-66A3-40E7-9CDD-369B1A973160}.Release|x86.Build.0 = Release|Any CPU
		{8016CFDA-89A6-4C56-9FFC-AAA18308B961}.Debug|Any CPU.ActiveCfg = Debug|Any CPU
		{8016CFDA-89A6-4C56-9FFC-AAA18308B961}.Debug|Any CPU.Build.0 = Debug|Any CPU
		{8016CFDA-89A6-4C56-9FFC-AAA18308B961}.Debug|x64.ActiveCfg = Debug|Any CPU
		{8016CFDA-89A6-4C56-9FFC-AAA18308B961}.Debug|x64.Build.0 = Debug|Any CPU
		{8016CFDA-89A6-4C56-9FFC-AAA18308B961}.Debug|x86.ActiveCfg = Debug|Any CPU
		{8016CFDA-89A6-4C56-9FFC-AAA18308B961}.Debug|x86.Build.0 = Debug|Any CPU
		{8016CFDA-89A6-4C56-9FFC-AAA18308B961}.Release|Any CPU.ActiveCfg = Release|Any CPU
		{8016CFDA-89A6-4C56-9FFC-AAA18308B961}.Release|Any CPU.Build.0 = Release|Any CPU
		{8016CFDA-89A6-4C56-9FFC-AAA18308B961}.Release|x64.ActiveCfg = Release|Any CPU
		{8016CFDA-89A6-4C56-9FFC-AAA18308B961}.Release|x64.Build.0 = Release|Any CPU
		{8016CFDA-89A6-4C56-9FFC-AAA18308B961}.Release|x86.ActiveCfg = Release|Any CPU
		{8016CFDA-89A6-4C56-9FFC-AAA18308B961}.Release|x86.Build.0 = Release|Any CPU
		{89397CC9-CC12-4EBB-A333-BFF24DE69A86}.Debug|Any CPU.ActiveCfg = Debug|Any CPU
		{89397CC9-CC12-4EBB-A333-BFF24DE69A86}.Debug|Any CPU.Build.0 = Debug|Any CPU
		{89397CC9-CC12-4EBB-A333-BFF24DE69A86}.Debug|x64.ActiveCfg = Debug|Any CPU
		{89397CC9-CC12-4EBB-A333-BFF24DE69A86}.Debug|x64.Build.0 = Debug|Any CPU
		{89397CC9-CC12-4EBB-A333-BFF24DE69A86}.Debug|x86.ActiveCfg = Debug|Any CPU
		{89397CC9-CC12-4EBB-A333-BFF24DE69A86}.Debug|x86.Build.0 = Debug|Any CPU
		{89397CC9-CC12-4EBB-A333-BFF24DE69A86}.Release|Any CPU.ActiveCfg = Release|Any CPU
		{89397CC9-CC12-4EBB-A333-BFF24DE69A86}.Release|Any CPU.Build.0 = Release|Any CPU
		{89397CC9-CC12-4EBB-A333-BFF24DE69A86}.Release|x64.ActiveCfg = Release|Any CPU
		{89397CC9-CC12-4EBB-A333-BFF24DE69A86}.Release|x64.Build.0 = Release|Any CPU
		{89397CC9-CC12-4EBB-A333-BFF24DE69A86}.Release|x86.ActiveCfg = Release|Any CPU
		{89397CC9-CC12-4EBB-A333-BFF24DE69A86}.Release|x86.Build.0 = Release|Any CPU
		{8129EB44-6E0A-4E19-A976-C3417C061E83}.Debug|Any CPU.ActiveCfg = Debug|Any CPU
		{8129EB44-6E0A-4E19-A976-C3417C061E83}.Debug|Any CPU.Build.0 = Debug|Any CPU
		{8129EB44-6E0A-4E19-A976-C3417C061E83}.Debug|x64.ActiveCfg = Debug|Any CPU
		{8129EB44-6E0A-4E19-A976-C3417C061E83}.Debug|x64.Build.0 = Debug|Any CPU
		{8129EB44-6E0A-4E19-A976-C3417C061E83}.Debug|x86.ActiveCfg = Debug|Any CPU
		{8129EB44-6E0A-4E19-A976-C3417C061E83}.Debug|x86.Build.0 = Debug|Any CPU
		{8129EB44-6E0A-4E19-A976-C3417C061E83}.Release|Any CPU.ActiveCfg = Release|Any CPU
		{8129EB44-6E0A-4E19-A976-C3417C061E83}.Release|Any CPU.Build.0 = Release|Any CPU
		{8129EB44-6E0A-4E19-A976-C3417C061E83}.Release|x64.ActiveCfg = Release|Any CPU
		{8129EB44-6E0A-4E19-A976-C3417C061E83}.Release|x64.Build.0 = Release|Any CPU
		{8129EB44-6E0A-4E19-A976-C3417C061E83}.Release|x86.ActiveCfg = Release|Any CPU
		{8129EB44-6E0A-4E19-A976-C3417C061E83}.Release|x86.Build.0 = Release|Any CPU
		{215700FF-52A5-4020-BEF1-87757A94AB25}.Debug|Any CPU.ActiveCfg = Debug|Any CPU
		{215700FF-52A5-4020-BEF1-87757A94AB25}.Debug|Any CPU.Build.0 = Debug|Any CPU
		{215700FF-52A5-4020-BEF1-87757A94AB25}.Debug|x64.ActiveCfg = Debug|Any CPU
		{215700FF-52A5-4020-BEF1-87757A94AB25}.Debug|x64.Build.0 = Debug|Any CPU
		{215700FF-52A5-4020-BEF1-87757A94AB25}.Debug|x86.ActiveCfg = Debug|Any CPU
		{215700FF-52A5-4020-BEF1-87757A94AB25}.Debug|x86.Build.0 = Debug|Any CPU
		{215700FF-52A5-4020-BEF1-87757A94AB25}.Release|Any CPU.ActiveCfg = Release|Any CPU
		{215700FF-52A5-4020-BEF1-87757A94AB25}.Release|Any CPU.Build.0 = Release|Any CPU
		{215700FF-52A5-4020-BEF1-87757A94AB25}.Release|x64.ActiveCfg = Release|Any CPU
		{215700FF-52A5-4020-BEF1-87757A94AB25}.Release|x64.Build.0 = Release|Any CPU
		{215700FF-52A5-4020-BEF1-87757A94AB25}.Release|x86.ActiveCfg = Release|Any CPU
		{215700FF-52A5-4020-BEF1-87757A94AB25}.Release|x86.Build.0 = Release|Any CPU
	EndGlobalSection
EndGlobal
